<Solution>
  <Folder Name="/Fields/">
    <Project Path="Fields.Tests.Architecture/Stensones.GD92.Fields.Tests.Architecture.csproj" />
    <Project Path="Fields/Stensones.GD92.Fields.csproj" />
    <Project Path="Fields.Tests.Unit/Stensones.GD92.Fields.Tests.Unit.csproj" />
    <Project Path="Fields.Tests.Integration/Stensones.GD92.Fields.Tests.Integration.csproj" />
  </Folder>
</Solution>
